<?xml version="1.0" encoding="utf-8"?>
<Project ToolsVersion="17.0" xmlns="http://schemas.microsoft.com/developer/msbuild/2003">
  <ItemGroup>
    <ClCompile Include="C:\github\mssql-python\mssql_python\pybind\ddbc_bindings.cpp">
      <Filter>Source Files</Filter>
    </ClCompile>
    <ClCompile Include="C:\github\mssql-python\mssql_python\pybind\connection\connection.cpp">
      <Filter>Source Files</Filter>
    </ClCompile>
    <ClCompile Include="C:\github\mssql-python\mssql_python\pybind\connection\connection_pool.cpp">
      <Filter>Source Files</Filter>
    </ClCompile>
  </ItemGroup>
  <ItemGroup>
    <CustomBuild Include="C:\github\mssql-python\mssql_python\pybind\CMakeLists.txt" />
  </ItemGroup>
  <ItemGroup>
    <Filter Include="Source Files">
      <UniqueIdentifier>{69561523-6409-36DD-AA6F-F3D5ED355989}</UniqueIdentifier>
    </Filter>
  </ItemGroup>
</Project>
